// !$*UTF8*$!
{
	archiveVersion = 1;
	classes = {
	};
	objectVersion = 46;
	objects = {

/* Begin PBXBuildFile section */
		FD7924021A84B95E00F56386 /* AppDelegate.swift in Sources */ = {isa = PBXBuildFile; fileRef = FD7924011A84B95E00F56386 /* AppDelegate.swift */; };
		FD7924041A84B95E00F56386 /* ViewController.swift in Sources */ = {isa = PBXBuildFile; fileRef = FD7924031A84B95E00F56386 /* ViewController.swift */; };
		FD7924071A84B95E00F56386 /* Main.storyboard in Resources */ = {isa = PBXBuildFile; fileRef = FD7924051A84B95E00F56386 /* Main.storyboard */; };
		FD7924091A84B95E00F56386 /* Images.xcassets in Resources */ = {isa = PBXBuildFile; fileRef = FD7924081A84B95E00F56386 /* Images.xcassets */; };
		FD79240C1A84B95E00F56386 /* LaunchScreen.xib in Resources */ = {isa = PBXBuildFile; fileRef = FD79240A1A84B95E00F56386 /* LaunchScreen.xib */; };
		FD7924181A84B95E00F56386 /* labCalTests.swift in Sources */ = {isa = PBXBuildFile; fileRef = FD7924171A84B95E00F56386 /* labCalTests.swift */; };
		FD7924251A84C31100F56386 /* 069572-blue-jelly-icon-alphanumeric-n1-solid.png in Resources */ = {isa = PBXBuildFile; fileRef = FD7924211A84C31100F56386 /* 069572-blue-jelly-icon-alphanumeric-n1-solid.png */; };
		FD7924261A84C31100F56386 /* 069574-blue-jelly-icon-alphanumeric-n2-solid.png in Resources */ = {isa = PBXBuildFile; fileRef = FD7924221A84C31100F56386 /* 069574-blue-jelly-icon-alphanumeric-n2-solid.png */; };
		FD7924271A84C31100F56386 /* 069575-blue-jelly-icon-alphanumeric-n3-solid.png in Resources */ = {isa = PBXBuildFile; fileRef = FD7924231A84C31100F56386 /* 069575-blue-jelly-icon-alphanumeric-n3-solid.png */; };
		FD7924281A84C31100F56386 /* Qs Vista RC1 Bin Empty.png in Resources */ = {isa = PBXBuildFile; fileRef = FD7924241A84C31100F56386 /* Qs Vista RC1 Bin Empty.png */; };
		FD79242A1A84C44700F56386 /* Clear.png in Resources */ = {isa = PBXBuildFile; fileRef = FD7924291A84C44700F56386 /* Clear.png */; };
		FD79242C1A84C4B600F56386 /* david-archuleta-chibi-cartoon.png in Resources */ = {isa = PBXBuildFile; fileRef = FD79242B1A84C4B600F56386 /* david-archuleta-chibi-cartoon.png */; };
/* End PBXBuildFile section */

/* Begin PBXContainerItemProxy section */
		FD7924121A84B95E00F56386 /* PBXContainerItemProxy */ = {
			isa = PBXContainerItemProxy;
			containerPortal = FD7923F41A84B95E00F56386 /* Project object */;
			proxyType = 1;
			remoteGlobalIDString = FD7923FB1A84B95E00F56386;
			remoteInfo = labCal;
		};
/* End PBXContainerItemProxy section */

/* Begin PBXFileReference section */
		FD7923FC1A84B95E00F56386 /* labCal.app */ = {isa = PBXFileReference; explicitFileType = wrapper.application; includeInIndex = 0; path = labCal.app; sourceTree = BUILT_PRODUCTS_DIR; };
		FD7924001A84B95E00F56386 /* Info.plist */ = {isa = PBXFileReference; lastKnownFileType = text.plist.xml; path = Info.plist; sourceTree = "<group>"; };
		FD7924011A84B95E00F56386 /* AppDelegate.swift */ = {isa = PBXFileReference; lastKnownFileType = sourcecode.swift; path = AppDelegate.swift; sourceTree = "<group>"; };
		FD7924031A84B95E00F56386 /* ViewController.swift */ = {isa = PBXFileReference; lastKnownFileType = sourcecode.swift; path = ViewController.swift; sourceTree = "<group>"; };
		FD7924061A84B95E00F56386 /* Base */ = {isa = PBXFileReference; lastKnownFileType = file.storyboard; name = Base; path = Base.lproj/Main.storyboard; sourceTree = "<group>"; };
		FD7924081A84B95E00F56386 /* Images.xcassets */ = {isa = PBXFileReference; lastKnownFileType = folder.assetcatalog; path = Images.xcassets; sourceTree = "<group>"; };
		FD79240B1A84B95E00F56386 /* Base */ = {isa = PBXFileReference; lastKnownFileType = file.xib; name = Base; path = Base.lproj/LaunchScreen.xib; sourceTree = "<group>"; };
		FD7924111A84B95E00F56386 /* labCalTests.xctest */ = {isa = PBXFileReference; explicitFileType = wrapper.cfbundle; includeInIndex = 0; path = labCalTests.xctest; sourceTree = BUILT_PRODUCTS_DIR; };
		FD7924161A84B95E00F56386 /* Info.plist */ = {isa = PBXFileReference; lastKnownFileType = text.plist.xml; path = Info.plist; sourceTree = "<group>"; };
		FD7924171A84B95E00F56386 /* labCalTests.swift */ = {isa = PBXFileReference; lastKnownFileType = sourcecode.swift; path = labCalTests.swift; sourceTree = "<group>"; };
		FD7924211A84C31100F56386 /* 069572-blue-jelly-icon-alphanumeric-n1-solid.png */ = {isa = PBXFileReference; lastKnownFileType = image.png; path = "069572-blue-jelly-icon-alphanumeric-n1-solid.png"; sourceTree = "<group>"; };
		FD7924221A84C31100F56386 /* 069574-blue-jelly-icon-alphanumeric-n2-solid.png */ = {isa = PBXFileReference; lastKnownFileType = image.png; path = "069574-blue-jelly-icon-alphanumeric-n2-solid.png"; sourceTree = "<group>"; };
		FD7924231A84C31100F56386 /* 069575-blue-jelly-icon-alphanumeric-n3-solid.png */ = {isa = PBXFileReference; lastKnownFileType = image.png; path = "069575-blue-jelly-icon-alphanumeric-n3-solid.png"; sourceTree = "<group>"; };
		FD7924241A84C31100F56386 /* Qs Vista RC1 Bin Empty.png */ = {isa = PBXFileReference; lastKnownFileType = image.png; path = "Qs Vista RC1 Bin Empty.png"; sourceTree = "<group>"; };
		FD7924291A84C44700F56386 /* Clear.png */ = {isa = PBXFileReference; lastKnownFileType = image.png; path = Clear.png; sourceTree = "<group>"; };
		FD79242B1A84C4B600F56386 /* david-archuleta-chibi-cartoon.png */ = {isa = PBXFileReference; lastKnownFileType = image.png; path = "david-archuleta-chibi-cartoon.png"; sourceTree = "<group>"; };
/* End PBXFileReference section */

/* Begin PBXFrameworksBuildPhase section */
		FD7923F91A84B95E00F56386 /* Frameworks */ = {
			isa = PBXFrameworksBuildPhase;
			buildActionMask = 2147483647;
			files = (
			);
			runOnlyForDeploymentPostprocessing = 0;
		};
		FD79240E1A84B95E00F56386 /* Frameworks */ = {
			isa = PBXFrameworksBuildPhase;
			buildActionMask = 2147483647;
			files = (
			);
			runOnlyForDeploymentPostprocessing = 0;
		};
/* End PBXFrameworksBuildPhase section */

/* Begin PBXGroup section */
		FD7923F31A84B95E00F56386 = {
			isa = PBXGroup;
			children = (
				FD7923FE1A84B95E00F56386 /* labCal */,
				FD7924141A84B95E00F56386 /* labCalTests */,
				FD7923FD1A84B95E00F56386 /* Products */,
			);
			sourceTree = "<group>";
		};
		FD7923FD1A84B95E00F56386 /* Products */ = {
			isa = PBXGroup;
			children = (
				FD7923FC1A84B95E00F56386 /* labCal.app */,
				FD7924111A84B95E00F56386 /* labCalTests.xctest */,
			);
			name = Products;
			sourceTree = "<group>";
		};
		FD7923FE1A84B95E00F56386 /* labCal */ = {
			isa = PBXGroup;
			children = (
				FD7924011A84B95E00F56386 /* AppDelegate.swift */,
				FD7924031A84B95E00F56386 /* ViewController.swift */,
				FD7924051A84B95E00F56386 /* Main.storyboard */,
				FD7924081A84B95E00F56386 /* Images.xcassets */,
				FD79240A1A84B95E00F56386 /* LaunchScreen.xib */,
				FD7923FF1A84B95E00F56386 /* Supporting Files */,
			);
			path = labCal;
			sourceTree = "<group>";
		};
		FD7923FF1A84B95E00F56386 /* Supporting Files */ = {
			isa = PBXGroup;
			children = (
				FD79242B1A84C4B600F56386 /* david-archuleta-chibi-cartoon.png */,
				FD7924291A84C44700F56386 /* Clear.png */,
				FD7924211A84C31100F56386 /* 069572-blue-jelly-icon-alphanumeric-n1-solid.png */,
				FD7924221A84C31100F56386 /* 069574-blue-jelly-icon-alphanumeric-n2-solid.png */,
				FD7924231A84C31100F56386 /* 069575-blue-jelly-icon-alphanumeric-n3-solid.png */,
				FD7924241A84C31100F56386 /* Qs Vista RC1 Bin Empty.png */,
				FD7924001A84B95E00F56386 /* Info.plist */,
			);
			name = "Supporting Files";
			sourceTree = "<group>";
		};
		FD7924141A84B95E00F56386 /* labCalTests */ = {
			isa = PBXGroup;
			children = (
				FD7924171A84B95E00F56386 /* labCalTests.swift */,
				FD7924151A84B95E00F56386 /* Supporting Files */,
			);
			path = labCalTests;
			sourceTree = "<group>";
		};
		FD7924151A84B95E00F56386 /* Supporting Files */ = {
			isa = PBXGroup;
			children = (
				FD7924161A84B95E00F56386 /* Info.plist */,
			);
			name = "Supporting Files";
			sourceTree = "<group>";
		};
/* End PBXGroup section */

/* Begin PBXNativeTarget section */
		FD7923FB1A84B95E00F56386 /* labCal */ = {
			isa = PBXNativeTarget;
			buildConfigurationList = FD79241B1A84B95E00F56386 /* Build configuration list for PBXNativeTarget "labCal" */;
			buildPhases = (
				FD7923F81A84B95E00F56386 /* Sources */,
				FD7923F91A84B95E00F56386 /* Frameworks */,
				FD7923FA1A84B95E00F56386 /* Resources */,
			);
			buildRules = (
			);
			dependencies = (
			);
			name = labCal;
			productName = labCal;
			productReference = FD7923FC1A84B95E00F56386 /* labCal.app */;
			productType = "com.apple.product-type.application";
		};
		FD7924101A84B95E00F56386 /* labCalTests */ = {
			isa = PBXNativeTarget;
			buildConfigurationList = FD79241E1A84B95E00F56386 /* Build configuration list for PBXNativeTarget "labCalTests" */;
			buildPhases = (
				FD79240D1A84B95E00F56386 /* Sources */,
				FD79240E1A84B95E00F56386 /* Frameworks */,
				FD79240F1A84B95E00F56386 /* Resources */,
			);
			buildRules = (
			);
			dependencies = (
				FD7924131A84B95E00F56386 /* PBXTargetDependency */,
			);
			name = labCalTests;
			productName = labCalTests;
			productReference = FD7924111A84B95E00F56386 /* labCalTests.xctest */;
			productType = "com.apple.product-type.bundle.unit-test";
		};
/* End PBXNativeTarget section */

/* Begin PBXProject section */
		FD7923F41A84B95E00F56386 /* Project object */ = {
			isa = PBXProject;
			attributes = {
				LastUpgradeCheck = 0600;
				ORGANIZATIONNAME = iStudents;
				TargetAttributes = {
					FD7923FB1A84B95E00F56386 = {
						CreatedOnToolsVersion = 6.0;
					};
					FD7924101A84B95E00F56386 = {
						CreatedOnToolsVersion = 6.0;
						TestTargetID = FD7923FB1A84B95E00F56386;
					};
				};
			};
			buildConfigurationList = FD7923F71A84B95E00F56386 /* Build configuration list for PBXProject "labCal" */;
			compatibilityVersion = "Xcode 3.2";
			developmentRegion = English;
			hasScannedForEncodings = 0;
			knownRegions = (
				en,
				Base,
			);
			mainGroup = FD7923F31A84B95E00F56386;
			productRefGroup = FD7923FD1A84B95E00F56386 /* Products */;
			projectDirPath = "";
			projectRoot = "";
			targets = (
				FD7923FB1A84B95E00F56386 /* labCal */,
				FD7924101A84B95E00F56386 /* labCalTests */,
			);
		};
/* End PBXProject section */

/* Begin PBXResourcesBuildPhase section */
		FD7923FA1A84B95E00F56386 /* Resources */ = {
			isa = PBXResourcesBuildPhase;
			buildActionMask = 2147483647;
			files = (
				FD7924071A84B95E00F56386 /* Main.storyboard in Resources */,
				FD79242C1A84C4B600F56386 /* david-archuleta-chibi-cartoon.png in Resources */,
				FD79240C1A84B95E00F56386 /* LaunchScreen.xib in Resources */,
				FD7924281A84C31100F56386 /* Qs Vista RC1 Bin Empty.png in Resources */,
				FD79242A1A84C44700F56386 /* Clear.png in Resources */,
				FD7924251A84C31100F56386 /* 069572-blue-jelly-icon-alphanumeric-n1-solid.png in Resources */,
				FD7924271A84C31100F56386 /* 069575-blue-jelly-icon-alphanumeric-n3-solid.png in Resources */,
				FD7924261A84C31100F56386 /* 069574-blue-jelly-icon-alphanumeric-n2-solid.png in Resources */,
				FD7924091A84B95E00F56386 /* Images.xcassets in Resources */,
			);
			runOnlyForDeploymentPostprocessing = 0;
		};
		FD79240F1A84B95E00F56386 /* Resources */ = {
			isa = PBXResourcesBuildPhase;
			buildActionMask = 2147483647;
			files = (
			);
			runOnlyForDeploymentPostprocessing = 0;
		};
/* End PBXResourcesBuildPhase section */

/* Begin PBXSourcesBuildPhase section */
		FD7923F81A84B95E00F56386 /* Sources */ = {
			isa = PBXSourcesBuildPhase;
			buildActionMask = 2147483647;
			files = (
				FD7924041A84B95E00F56386 /* ViewController.swift in Sources */,
				FD7924021A84B95E00F56386 /* AppDelegate.swift in Sources */,
			);
			runOnlyForDeploymentPostprocessing = 0;
		};
		FD79240D1A84B95E00F56386 /* Sources */ = {
			isa = PBXSourcesBuildPhase;
			buildActionMask = 2147483647;
			files = (
				FD7924181A84B95E00F56386 /* labCalTests.swift in Sources */,
			);
			runOnlyForDeploymentPostprocessing = 0;
		};
/* End PBXSourcesBuildPhase section */

/* Begin PBXTargetDependency section */
		FD7924131A84B95E00F56386 /* PBXTargetDependency */ = {
			isa = PBXTargetDependency;
			target = FD7923FB1A84B95E00F56386 /* labCal */;
			targetProxy = FD7924121A84B95E00F56386 /* PBXContainerItemProxy */;
		};
/* End PBXTargetDependency section */

/* Begin PBXVariantGroup section */
		FD7924051A84B95E00F56386 /* Main.storyboard */ = {
			isa = PBXVariantGroup;
			children = (
				FD7924061A84B95E00F56386 /* Base */,
			);
			name = Main.storyboard;
			sourceTree = "<group>";
		};
		FD79240A1A84B95E00F56386 /* LaunchScreen.xib */ = {
			isa = PBXVariantGroup;
			children = (
				FD79240B1A84B95E00F56386 /* Base */,
			);
			name = LaunchScreen.xib;
			sourceTree = "<group>";
		};
/* End PBXVariantGroup section */

/* Begin XCBuildConfiguration section */
		FD7924191A84B95E00F56386 /* Debug */ = {
			isa = XCBuildConfiguration;
			buildSettings = {
				ALWAYS_SEARCH_USER_PATHS = NO;
				CLANG_CXX_LANGUAGE_STANDARD = "gnu++0x";
				CLANG_CXX_LIBRARY = "libc++";
				CLANG_ENABLE_MODULES = YES;
				CLANG_ENABLE_OBJC_ARC = YES;
				CLANG_WARN_BOOL_CONVERSION = YES;
				CLANG_WARN_CONSTANT_CONVERSION = YES;
				CLANG_WARN_DIRECT_OBJC_ISA_USAGE = YES_ERROR;
				CLANG_WARN_EMPTY_BODY = YES;
				CLANG_WARN_ENUM_CONVERSION = YES;
				CLANG_WARN_INT_CONVERSION = YES;
				CLANG_WARN_OBJC_ROOT_CLASS = YES_ERROR;
				CLANG_WARN_UNREACHABLE_CODE = YES;
				CLANG_WARN__DUPLICATE_METHOD_MATCH = YES;
				"CODE_SIGN_IDENTITY[sdk=iphoneos*]" = "iPhone Developer";
				COPY_PHASE_STRIP = NO;
				ENABLE_STRICT_OBJC_MSGSEND = YES;
				GCC_C_LANGUAGE_STANDARD = gnu99;
				GCC_DYNAMIC_NO_PIC = NO;
				GCC_OPTIMIZATION_LEVEL = 0;
				GCC_PREPROCESSOR_DEFINITIONS = (
					"DEBUG=1",
					"$(inherited)",
				);
				GCC_SYMBOLS_PRIVATE_EXTERN = NO;
				GCC_WARN_64_TO_32_BIT_CONVERSION = YES;
				GCC_WARN_ABOUT_RETURN_TYPE = YES_ERROR;
				GCC_WARN_UNDECLARED_SELECTOR = YES;
				GCC_WARN_UNINITIALIZED_AUTOS = YES_AGGRESSIVE;
				GCC_WARN_UNUSED_FUNCTION = YES;
				GCC_WARN_UNUSED_VARIABLE = YES;
				IPHONEOS_DEPLOYMENT_TARGET = 8.0;
				MTL_ENABLE_DEBUG_INFO = YES;
				ONLY_ACTIVE_ARCH = YES;
				SDKROOT = iphoneos;
				SWIFT_OPTIMIZATION_LEVEL = "-Onone";
			};
			name = Debug;
		};
		FD79241A1A84B95E00F56386 /* Release */ = {
			isa = XCBuildConfiguration;
			buildSettings = {
				ALWAYS_SEARCH_USER_PATHS = NO;
				CLANG_CXX_LANGUAGE_STANDARD = "gnu++0x";
				CLANG_CXX_LIBRARY = "libc++";
				CLANG_ENABLE_MODULES = YES;
				CLANG_ENABLE_OBJC_ARC = YES;
				CLANG_WARN_BOOL_CONVERSION = YES;
				CLANG_WARN_CONSTANT_CONVERSION = YES;
				CLANG_WARN_DIRECT_OBJC_ISA_USAGE = YES_ERROR;
				CLANG_WARN_EMPTY_BODY = YES;
				CLANG_WARN_ENUM_CONVERSION = YES;
				CLANG_WARN_INT_CONVERSION = YES;
				CLANG_WARN_OBJC_ROOT_CLASS = YES_ERROR;
				CLANG_WARN_UNREACHABLE_CODE = YES;
				CLANG_WARN__DUPLICATE_METHOD_MATCH = YES;
				"CODE_SIGN_IDENTITY[sdk=iphoneos*]" = "iPhone Developer";
				COPY_PHASE_STRIP = YES;
				ENABLE_NS_ASSERTIONS = NO;
				ENABLE_STRICT_OBJC_MSGSEND = YES;
				GCC_C_LANGUAGE_STANDARD = gnu99;
				GCC_WARN_64_TO_32_BIT_CONVERSION = YES;
				GCC_WARN_ABOUT_RETURN_TYPE = YES_ERROR;
				GCC_WARN_UNDECLARED_SELECTOR = YES;
				GCC_WARN_UNINITIALIZED_AUTOS = YES_AGGRESSIVE;
				GCC_WARN_UNUSED_FUNCTION = YES;
				GCC_WARN_UNUSED_VARIABLE = YES;
				IPHONEOS_DEPLOYMENT_TARGET = 8.0;
				MTL_ENABLE_DEBUG_INFO = NO;
				SDKROOT = iphoneos;
				VALIDATE_PRODUCT = YES;
			};
			name = Release;
		};
		FD79241C1A84B95E00F56386 /* Debug */ = {
			isa = XCBuildConfiguration;
			buildSettings = {
				ASSETCATALOG_COMPILER_APPICON_NAME = AppIcon;
				INFOPLIST_FILE = labCal/Info.plist;
				LD_RUNPATH_SEARCH_PATHS = "$(inherited) @executable_path/Frameworks";
				PRODUCT_NAME = "$(TARGET_NAME)";
			};
			name = Debug;
		};
		FD79241D1A84B95E00F56386 /* Release */ = {
			isa = XCBuildConfiguration;
			buildSettings = {
				ASSETCATALOG_COMPILER_APPICON_NAME = AppIcon;
				INFOPLIST_FILE = labCal/Info.plist;
				LD_RUNPATH_SEARCH_PATHS = "$(inherited) @executable_path/Frameworks";
				PRODUCT_NAME = "$(TARGET_NAME)";
			};
			name = Release;
		};
		FD79241F1A84B95E00F56386 /* Debug */ = {
			isa = XCBuildConfiguration;
			buildSettings = {
				BUNDLE_LOADER = "$(TEST_HOST)";
				FRAMEWORK_SEARCH_PATHS = (
					"$(SDKROOT)/Developer/Library/Frameworks",
					"$(inherited)",
				);
				GCC_PREPROCESSOR_DEFINITIONS = (
					"DEBUG=1",
					"$(inherited)",
				);
				INFOPLIST_FILE = labCalTests/Info.plist;
				LD_RUNPATH_SEARCH_PATHS = "$(inherited) @executable_path/Frameworks @loader_path/Frameworks";
				PRODUCT_NAME = "$(TARGET_NAME)";
				TEST_HOST = "$(BUILT_PRODUCTS_DIR)/labCal.app/labCal";
			};
			name = Debug;
		};
		FD7924201A84B95E00F56386 /* Release */ = {
			isa = XCBuildConfiguration;
			buildSettings = {
				BUNDLE_LOADER = "$(TEST_HOST)";
				FRAMEWORK_SEARCH_PATHS = (
					"$(SDKROOT)/Developer/Library/Frameworks",
					"$(inherited)",
				);
				INFOPLIST_FILE = labCalTests/Info.plist;
				LD_RUNPATH_SEARCH_PATHS = "$(inherited) @executable_path/Frameworks @loader_path/Frameworks";
				PRODUCT_NAME = "$(TARGET_NAME)";
				TEST_HOST = "$(BUILT_PRODUCTS_DIR)/labCal.app/labCal";
			};
			name = Release;
		};
/* End XCBuildConfiguration section */

/* Begin XCConfigurationList section */
		FD7923F71A84B95E00F56386 /* Build configuration list for PBXProject "labCal" */ = {
			isa = XCConfigurationList;
			buildConfigurations = (
				FD7924191A84B95E00F56386 /* Debug */,
				FD79241A1A84B95E00F56386 /* Release */,
			);
			defaultConfigurationIsVisible = 0;
			defaultConfigurationName = Release;
		};
		FD79241B1A84B95E00F56386 /* Build configuration list for PBXNativeTarget "labCal" */ = {
			isa = XCConfigurationList;
			buildConfigurations = (
				FD79241C1A84B95E00F56386 /* Debug */,
				FD79241D1A84B95E00F56386 /* Release */,
			);
			defaultConfigurationIsVisible = 0;
		};
		FD79241E1A84B95E00F56386 /* Build configuration list for PBXNativeTarget "labCalTests" */ = {
			isa = XCConfigurationList;
			buildConfigurations = (
				FD79241F1A84B95E00F56386 /* Debug */,
				FD7924201A84B95E00F56386 /* Release */,
			);
			defaultConfigurationIsVisible = 0;
		};
/* End XCConfigurationList section */
	};
	rootObject = FD7923F41A84B95E00F56386 /* Project object */;
}
